
Microsoft Visual Studio Solution File, Format Version 12.00
# Visual Studio Version 17
VisualStudioVersion = 17.0.31903.59
MinimumVisualStudioVersion = 10.0.40219.1
Project("{FAE04EC0-301F-11D3-BF4B-00C04F79EFBC}") = "SnilsList21", "SnilsList21.csproj", "{4AC38238-264E-468A-B1C5-5643C6F6E189}"
EndProject
Global
	GlobalSection(SolutionConfigurationPlatforms) = preSolution
		Debug|Any CPU = Debug|Any CPU
		Release|Any CPU = Release|Any CPU
	EndGlobalSection
	GlobalSection(ProjectConfigurationPlatforms) = postSolution
		{4AC38238-264E-468A-B1C5-5643C6F6E189}.Debug|Any CPU.ActiveCfg = Debug|Any CPU
		{4AC38238-264E-468A-B1C5-5643C6F6E189}.Debug|Any CPU.Build.0 = Debug|Any CPU
		{4AC38238-264E-468A-B1C5-5643C6F6E189}.Release|Any CPU.ActiveCfg = Release|Any CPU
		{4AC38238-264E-468A-B1C5-5643C6F6E189}.Release|Any CPU.Build.0 = Release|Any CPU
	EndGlobalSection
	GlobalSection(SolutionProperties) = preSolution
		HideSolutionNode = FALSE
	EndGlobalSection
	GlobalSection(ExtensibilityGlobals) = postSolution
		SolutionGuid = {925623C1-2B2E-47F2-9117-004D5D4E6AD1}
	EndGlobalSection
EndGlobal
